
Microsoft Visual Studio Solution File, Format Version 12.00
# Visual Studio Version 17
VisualStudioVersion = 17.12.35527.113
MinimumVisualStudioVersion = 10.0.40219.1
Project("{2150E333-8FDC-42A3-9474-1A3956D46DE8}") = "Services", "Services", "{C4FA9732-6F4E-46A0-A89E-8EF07B1384BE}"
EndProject
Project("{2150E333-8FDC-42A3-9474-1A3956D46DE8}") = "Catalog", "Catalog", "{36545340-9475-4419-8947-48F325752C17}"
EndProject
Project("{FAE04EC0-301F-11D3-BF4B-00C04F79EFBC}") = "Catalog.API", "Services\Catalog\Catalog.API\Catalog.API.csproj", "{7971C02D-9B76-4627-8031-CBD7BE90377F}"
EndProject
Project("{2150E333-8FDC-42A3-9474-1A3956D46DE8}") = "BuildingBlocks", "BuildingBlocks", "{E2A3DFC6-B55A-4BB0-8E44-6DB0E1D67CEF}"
EndProject
Project("{FAE04EC0-301F-11D3-BF4B-00C04F79EFBC}") = "BuildingBlocks", "BuildingBlocks\BuildingBlocks\BuildingBlocks.csproj", "{4798A3CF-2C4F-42C5-AA4B-20BA6A7EE92E}"
EndProject
Project("{E53339B2-1760-4266-BCC7-CA923CBCF16C}") = "docker-compose", "docker-compose.dcproj", "{2C066B3D-AB4C-4179-B821-8AA2A98D681A}"
EndProject
Project("{2150E333-8FDC-42A3-9474-1A3956D46DE8}") = "Basket", "Basket", "{CFF6D896-3A4A-4ABE-9603-CE6ADD0D96EF}"
EndProject
Project("{FAE04EC0-301F-11D3-BF4B-00C04F79EFBC}") = "Basket.API", "Services\Basket\Basket.API\Basket.API.csproj", "{7AA0D495-409C-431B-982F-A317EDB74CD8}"
EndProject
Project("{2150E333-8FDC-42A3-9474-1A3956D46DE8}") = "Discount", "Discount", "{0ABCCE47-85B7-499E-9F78-332AF554DF62}"
EndProject
Project("{FAE04EC0-301F-11D3-BF4B-00C04F79EFBC}") = "Discount.Grpc", "Services\Discount\Discount.Grpc\Discount.Grpc.csproj", "{1FF6368B-D7F3-45CC-AC9A-900B73D1AB24}"
EndProject
Project("{2150E333-8FDC-42A3-9474-1A3956D46DE8}") = "Ordering", "Ordering", "{529CC9A2-DBA1-42A4-BBD4-3FB2444D14EB}"
EndProject
Project("{FAE04EC0-301F-11D3-BF4B-00C04F79EFBC}") = "Ordering.API", "Services\Ordering\Ordering.API\Ordering.API.csproj", "{08D664CC-B135-4AA0-A546-C7F60AC38343}"
EndProject
Project("{FAE04EC0-301F-11D3-BF4B-00C04F79EFBC}") = "Ordering.Domain", "Services\Ordering\Ordering.Domain\Ordering.Domain.csproj", "{24D41655-75C4-4385-85E7-0E0ADD9AAA1B}"
EndProject
Project("{FAE04EC0-301F-11D3-BF4B-00C04F79EFBC}") = "Ordering.Application", "Services\Ordering\Ordering.Application\Ordering.Application.csproj", "{72FA6F5C-7739-445C-B868-2FCFC63DC15C}"
EndProject
Project("{FAE04EC0-301F-11D3-BF4B-00C04F79EFBC}") = "Ordering.Infrastructure", "Services\Ordering\Ordering.Infrastructure\Ordering.Infrastructure.csproj", "{BE7CEDB8-4653-4F31-B8C3-EBA611BCA3FD}"
EndProject
Global
	GlobalSection(SolutionConfigurationPlatforms) = preSolution
		Debug|Any CPU = Debug|Any CPU
		Release|Any CPU = Release|Any CPU
	EndGlobalSection
	GlobalSection(ProjectConfigurationPlatforms) = postSolution
		{7971C02D-9B76-4627-8031-CBD7BE90377F}.Debug|Any CPU.ActiveCfg = Debug|Any CPU
		{7971C02D-9B76-4627-8031-CBD7BE90377F}.Debug|Any CPU.Build.0 = Debug|Any CPU
		{7971C02D-9B76-4627-8031-CBD7BE90377F}.Release|Any CPU.ActiveCfg = Release|Any CPU
		{7971C02D-9B76-4627-8031-CBD7BE90377F}.Release|Any CPU.Build.0 = Release|Any CPU
		{4798A3CF-2C4F-42C5-AA4B-20BA6A7EE92E}.Debug|Any CPU.ActiveCfg = Debug|Any CPU
		{4798A3CF-2C4F-42C5-AA4B-20BA6A7EE92E}.Debug|Any CPU.Build.0 = Debug|Any CPU
		{4798A3CF-2C4F-42C5-AA4B-20BA6A7EE92E}.Release|Any CPU.ActiveCfg = Release|Any CPU
		{4798A3CF-2C4F-42C5-AA4B-20BA6A7EE92E}.Release|Any CPU.Build.0 = Release|Any CPU
		{2C066B3D-AB4C-4179-B821-8AA2A98D681A}.Debug|Any CPU.ActiveCfg = Debug|Any CPU
		{2C066B3D-AB4C-4179-B821-8AA2A98D681A}.Debug|Any CPU.Build.0 = Debug|Any CPU
		{2C066B3D-AB4C-4179-B821-8AA2A98D681A}.Release|Any CPU.ActiveCfg = Release|Any CPU
		{2C066B3D-AB4C-4179-B821-8AA2A98D681A}.Release|Any CPU.Build.0 = Release|Any CPU
		{7AA0D495-409C-431B-982F-A317EDB74CD8}.Debug|Any CPU.ActiveCfg = Debug|Any CPU
		{7AA0D495-409C-431B-982F-A317EDB74CD8}.Debug|Any CPU.Build.0 = Debug|Any CPU
		{7AA0D495-409C-431B-982F-A317EDB74CD8}.Release|Any CPU.ActiveCfg = Release|Any CPU
		{7AA0D495-409C-431B-982F-A317EDB74CD8}.Release|Any CPU.Build.0 = Release|Any CPU
		{1FF6368B-D7F3-45CC-AC9A-900B73D1AB24}.Debug|Any CPU.ActiveCfg = Debug|Any CPU
		{1FF6368B-D7F3-45CC-AC9A-900B73D1AB24}.Debug|Any CPU.Build.0 = Debug|Any CPU
		{1FF6368B-D7F3-45CC-AC9A-900B73D1AB24}.Release|Any CPU.ActiveCfg = Release|Any CPU
		{1FF6368B-D7F3-45CC-AC9A-900B73D1AB24}.Release|Any CPU.Build.0 = Release|Any CPU
		{08D664CC-B135-4AA0-A546-C7F60AC38343}.Debug|Any CPU.ActiveCfg = Debug|Any CPU
		{08D664CC-B135-4AA0-A546-C7F60AC38343}.Debug|Any CPU.Build.0 = Debug|Any CPU
		{08D664CC-B135-4AA0-A546-C7F60AC38343}.Release|Any CPU.ActiveCfg = Release|Any CPU
		{08D664CC-B135-4AA0-A546-C7F60AC38343}.Release|Any CPU.Build.0 = Release|Any CPU
		{24D41655-75C4-4385-85E7-0E0ADD9AAA1B}.Debug|Any CPU.ActiveCfg = Debug|Any CPU
		{24D41655-75C4-4385-85E7-0E0ADD9AAA1B}.Debug|Any CPU.Build.0 = Debug|Any CPU
		{24D41655-75C4-4385-85E7-0E0ADD9AAA1B}.Release|Any CPU.ActiveCfg = Release|Any CPU
		{24D41655-75C4-4385-85E7-0E0ADD9AAA1B}.Release|Any CPU.Build.0 = Release|Any CPU
		{72FA6F5C-7739-445C-B868-2FCFC63DC15C}.Debug|Any CPU.ActiveCfg = Debug|Any CPU
		{72FA6F5C-7739-445C-B868-2FCFC63DC15C}.Debug|Any CPU.Build.0 = Debug|Any CPU
		{72FA6F5C-7739-445C-B868-2FCFC63DC15C}.Release|Any CPU.ActiveCfg = Release|Any CPU
		{72FA6F5C-7739-445C-B868-2FCFC63DC15C}.Release|Any CPU.Build.0 = Release|Any CPU
		{BE7CEDB8-4653-4F31-B8C3-EBA611BCA3FD}.Debug|Any CPU.ActiveCfg = Debug|Any CPU
		{BE7CEDB8-4653-4F31-B8C3-EBA611BCA3FD}.Debug|Any CPU.Build.0 = Debug|Any CPU
		{BE7CEDB8-4653-4F31-B8C3-EBA611BCA3FD}.Release|Any CPU.ActiveCfg = Release|Any CPU
		{BE7CEDB8-4653-4F31-B8C3-EBA611BCA3FD}.Release|Any CPU.Build.0 = Release|Any CPU
	EndGlobalSection
	GlobalSection(SolutionProperties) = preSolution
		HideSolutionNode = FALSE
	EndGlobalSection
	GlobalSection(NestedProjects) = preSolution
		{36545340-9475-4419-8947-48F325752C17} = {C4FA9732-6F4E-46A0-A89E-8EF07B1384BE}
		{7971C02D-9B76-4627-8031-CBD7BE90377F} = {36545340-9475-4419-8947-48F325752C17}
		{4798A3CF-2C4F-42C5-AA4B-20BA6A7EE92E} = {E2A3DFC6-B55A-4BB0-8E44-6DB0E1D67CEF}
		{CFF6D896-3A4A-4ABE-9603-CE6ADD0D96EF} = {C4FA9732-6F4E-46A0-A89E-8EF07B1384BE}
		{7AA0D495-409C-431B-982F-A317EDB74CD8} = {CFF6D896-3A4A-4ABE-9603-CE6ADD0D96EF}
		{0ABCCE47-85B7-499E-9F78-332AF554DF62} = {C4FA9732-6F4E-46A0-A89E-8EF07B1384BE}
		{1FF6368B-D7F3-45CC-AC9A-900B73D1AB24} = {0ABCCE47-85B7-499E-9F78-332AF554DF62}
		{529CC9A2-DBA1-42A4-BBD4-3FB2444D14EB} = {C4FA9732-6F4E-46A0-A89E-8EF07B1384BE}
		{08D664CC-B135-4AA0-A546-C7F60AC38343} = {529CC9A2-DBA1-42A4-BBD4-3FB2444D14EB}
		{24D41655-75C4-4385-85E7-0E0ADD9AAA1B} = {529CC9A2-DBA1-42A4-BBD4-3FB2444D14EB}
		{72FA6F5C-7739-445C-B868-2FCFC63DC15C} = {529CC9A2-DBA1-42A4-BBD4-3FB2444D14EB}
		{BE7CEDB8-4653-4F31-B8C3-EBA611BCA3FD} = {529CC9A2-DBA1-42A4-BBD4-3FB2444D14EB}
	EndGlobalSection
EndGlobal
